
Microsoft Visual Studio Solution File, Format Version 12.00
# Visual Studio Version 16
VisualStudioVersion = 16.0.31702.278
MinimumVisualStudioVersion = 10.0.40219.1
Project("{9A19103F-16F7-4668-BE54-9A1E7A4F7556}") = "OblStudieakt1Program3Sem", "OblStudieakt1Program3Sem.csproj", "{25A5C79E-03FB-4FA4-9BC3-4278A1E8CED1}"
EndProject
Project("{9A19103F-16F7-4668-BE54-9A1E7A4F7556}") = "OblStudieakt1Program3SemTests", "OblStudieakt1Program3SemTests\OblStudieakt1Program3SemTests.csproj", "{8C40D6C3-EC80-4767-9384-9C8A0FF6FADC}"
EndProject
Global
	GlobalSection(SolutionConfigurationPlatforms) = preSolution
		Debug|Any CPU = Debug|Any CPU
		Release|Any CPU = Release|Any CPU
	EndGlobalSection
	GlobalSection(ProjectConfigurationPlatforms) = postSolution
		{25A5C79E-03FB-4FA4-9BC3-4278A1E8CED1}.Debug|Any CPU.ActiveCfg = Debug|Any CPU
		{25A5C79E-03FB-4FA4-9BC3-4278A1E8CED1}.Debug|Any CPU.Build.0 = Debug|Any CPU
		{25A5C79E-03FB-4FA4-9BC3-4278A1E8CED1}.Release|Any CPU.ActiveCfg = Release|Any CPU
		{25A5C79E-03FB-4FA4-9BC3-4278A1E8CED1}.Release|Any CPU.Build.0 = Release|Any CPU
		{8C40D6C3-EC80-4767-9384-9C8A0FF6FADC}.Debug|Any CPU.ActiveCfg = Debug|Any CPU
		{8C40D6C3-EC80-4767-9384-9C8A0FF6FADC}.Debug|Any CPU.Build.0 = Debug|Any CPU
		{8C40D6C3-EC80-4767-9384-9C8A0FF6FADC}.Release|Any CPU.ActiveCfg = Release|Any CPU
		{8C40D6C3-EC80-4767-9384-9C8A0FF6FADC}.Release|Any CPU.Build.0 = Release|Any CPU
	EndGlobalSection
	GlobalSection(SolutionProperties) = preSolution
		HideSolutionNode = FALSE
	EndGlobalSection
	GlobalSection(ExtensibilityGlobals) = postSolution
		SolutionGuid = {29FC117F-29C7-4ED5-A5DC-945F25F0F675}
	EndGlobalSection
EndGlobal
